
Microsoft Visual Studio Solution File, Format Version 12.00
# Visual Studio Version 16
VisualStudioVersion = 16.0.33130.400
MinimumVisualStudioVersion = 10.0.40219.1
Project("{FAE04EC0-301F-11D3-BF4B-00C04F79EFBC}") = "Command project girls", "Command project girls.csproj", "{5B029B31-8EFB-4BB5-95C3-7FC20E5C041B}"
EndProject
Global
	GlobalSection(SolutionConfigurationPlatforms) = preSolution
		Debug|Any CPU = Debug|Any CPU
		Release|Any CPU = Release|Any CPU
	EndGlobalSection
	GlobalSection(ProjectConfigurationPlatforms) = postSolution
		{5B029B31-8EFB-4BB5-95C3-7FC20E5C041B}.Debug|Any CPU.ActiveCfg = Debug|Any CPU
		{5B029B31-8EFB-4BB5-95C3-7FC20E5C041B}.Debug|Any CPU.Build.0 = Debug|Any CPU
		{5B029B31-8EFB-4BB5-95C3-7FC20E5C041B}.Release|Any CPU.ActiveCfg = Release|Any CPU
		{5B029B31-8EFB-4BB5-95C3-7FC20E5C041B}.Release|Any CPU.Build.0 = Release|Any CPU
	EndGlobalSection
	GlobalSection(SolutionProperties) = preSolution
		HideSolutionNode = FALSE
	EndGlobalSection
	GlobalSection(ExtensibilityGlobals) = postSolution
		SolutionGuid = {975FE2CA-EF04-4C7C-ADDC-CDE72C774C7A}
	EndGlobalSection
EndGlobal
